// !$*UTF8*$!
{
	archiveVersion = 1;
	classes = {
	};
	objectVersion = 46;
	objects = {

/* Begin PBXAggregateTarget section */
		479A332519352C51004EF9BF /* Documentation */ = {
			isa = PBXAggregateTarget;
			buildConfigurationList = 479A332619352C51004EF9BF /* Build configuration list for PBXAggregateTarget "Documentation" */;
			buildPhases = (
				479A332919352C85004EF9BF /* ShellScript */,
			);
			dependencies = (
			);
			name = Documentation;
			productName = Documentation;
		};
/* End PBXAggregateTarget section */

/* Begin PBXBuildFile section */
		470C4D8F18FF81EC00BB03E3 /* Knowed.h in Headers */ = {isa = PBXBuildFile; fileRef = 4712371518FEC28E0069EDB3 /* Knowed.h */; settings = {ATTRIBUTES = (Public, ); }; };
		4712371318FEC28E0069EDB3 /* InfoPlist.strings in Resources */ = {isa = PBXBuildFile; fileRef = 4712371118FEC28E0069EDB3 /* InfoPlist.strings */; };
		4712371E18FEC28E0069EDB3 /* XCTest.framework in Frameworks */ = {isa = PBXBuildFile; fileRef = 4712371D18FEC28E0069EDB3 /* XCTest.framework */; };
		4712372218FEC28E0069EDB3 /* Knowed.framework in Frameworks */ = {isa = PBXBuildFile; fileRef = 4712370518FEC28E0069EDB3 /* Knowed.framework */; };
		4712372818FEC28E0069EDB3 /* InfoPlist.strings in Resources */ = {isa = PBXBuildFile; fileRef = 4712372618FEC28E0069EDB3 /* InfoPlist.strings */; };
		4712372A18FEC28E0069EDB3 /* KnowedBaseTests.m in Sources */ = {isa = PBXBuildFile; fileRef = 4712372918FEC28E0069EDB3 /* KnowedBaseTests.m */; };
		4712373418FEC2D70069EDB3 /* Foundation.framework in Frameworks */ = {isa = PBXBuildFile; fileRef = 4712370B18FEC28E0069EDB3 /* Foundation.framework */; };
		4712373618FEC2E30069EDB3 /* JavaScriptCore.framework in Frameworks */ = {isa = PBXBuildFile; fileRef = 4712373518FEC2E30069EDB3 /* JavaScriptCore.framework */; };
		4712373918FEC3950069EDB3 /* KnowedConsole.h in Headers */ = {isa = PBXBuildFile; fileRef = 4712373718FEC3950069EDB3 /* KnowedConsole.h */; settings = {ATTRIBUTES = (Public, ); }; };
		4712373A18FEC3950069EDB3 /* KnowedConsole.m in Sources */ = {isa = PBXBuildFile; fileRef = 4712373818FEC3950069EDB3 /* KnowedConsole.m */; };
		4712373D18FECB790069EDB3 /* KnowedConsoleTests.m in Sources */ = {isa = PBXBuildFile; fileRef = 4712373C18FECB790069EDB3 /* KnowedConsoleTests.m */; };
		4713B7B319057DF1003DE5D6 /* KnowedThingy.h in Headers */ = {isa = PBXBuildFile; fileRef = 4713B7B119057DF1003DE5D6 /* KnowedThingy.h */; settings = {ATTRIBUTES = (Public, ); }; };
		4713B7B419057DF1003DE5D6 /* KnowedThingy.m in Sources */ = {isa = PBXBuildFile; fileRef = 4713B7B219057DF1003DE5D6 /* KnowedThingy.m */; };
		4723904F18FEF96600437629 /* KnowedConsoleViaJSTests.m in Sources */ = {isa = PBXBuildFile; fileRef = 4723904E18FEF96600437629 /* KnowedConsoleViaJSTests.m */; };
		4734E6901900183200151AFC /* KnowedUtil.h in Headers */ = {isa = PBXBuildFile; fileRef = 4734E68E1900183200151AFC /* KnowedUtil.h */; settings = {ATTRIBUTES = (Public, ); }; };
		4734E6911900183200151AFC /* KnowedUtil.m in Sources */ = {isa = PBXBuildFile; fileRef = 4734E68F1900183200151AFC /* KnowedUtil.m */; };
		477B9E5A192CF559007EB250 /* Foundation.framework in Frameworks */ = {isa = PBXBuildFile; fileRef = 4712370B18FEC28E0069EDB3 /* Foundation.framework */; };
		477B9E67192CF559007EB250 /* XCTest.framework in Frameworks */ = {isa = PBXBuildFile; fileRef = 4712371D18FEC28E0069EDB3 /* XCTest.framework */; };
		477B9E68192CF559007EB250 /* Foundation.framework in Frameworks */ = {isa = PBXBuildFile; fileRef = 4712370B18FEC28E0069EDB3 /* Foundation.framework */; };
		477B9E6A192CF559007EB250 /* UIKit.framework in Frameworks */ = {isa = PBXBuildFile; fileRef = 477B9E69192CF559007EB250 /* UIKit.framework */; };
		477B9E6D192CF559007EB250 /* libKnowed.a in Frameworks */ = {isa = PBXBuildFile; fileRef = 477B9E59192CF559007EB250 /* libKnowed.a */; };
		477B9E73192CF559007EB250 /* InfoPlist.strings in Resources */ = {isa = PBXBuildFile; fileRef = 477B9E71192CF559007EB250 /* InfoPlist.strings */; };
		477B9E7C192CF566007EB250 /* KnowedBaseTests.m in Sources */ = {isa = PBXBuildFile; fileRef = 4712372918FEC28E0069EDB3 /* KnowedBaseTests.m */; };
		477B9E7D192CF56E007EB250 /* KnowedConsoleTests.m in Sources */ = {isa = PBXBuildFile; fileRef = 4712373C18FECB790069EDB3 /* KnowedConsoleTests.m */; };
		477B9E7E192CF570007EB250 /* KnowedBufferConsoleTests.m in Sources */ = {isa = PBXBuildFile; fileRef = 47E7EFBE18FF3234000FFA42 /* KnowedBufferConsoleTests.m */; };
		477B9E7F192CF572007EB250 /* KnowedConsoleViaJSTests.m in Sources */ = {isa = PBXBuildFile; fileRef = 4723904E18FEF96600437629 /* KnowedConsoleViaJSTests.m */; };
		477B9E80192CF574007EB250 /* KnowedUtilTests.m in Sources */ = {isa = PBXBuildFile; fileRef = 478733EF19055A3E00F204F4 /* KnowedUtilTests.m */; };
		477B9E81192CF5FD007EB250 /* KnowedConsole.m in Sources */ = {isa = PBXBuildFile; fileRef = 4712373818FEC3950069EDB3 /* KnowedConsole.m */; };
		477B9E82192CF600007EB250 /* KnowedBufferConsole.m in Sources */ = {isa = PBXBuildFile; fileRef = 47E7EFBB18FF2ED7000FFA42 /* KnowedBufferConsole.m */; };
		477B9E83192CF602007EB250 /* KnowedUtil.m in Sources */ = {isa = PBXBuildFile; fileRef = 4734E68F1900183200151AFC /* KnowedUtil.m */; };
		477B9E84192CF604007EB250 /* KnowedThingy.m in Sources */ = {isa = PBXBuildFile; fileRef = 4713B7B219057DF1003DE5D6 /* KnowedThingy.m */; };
		477B9E85192CF63A007EB250 /* Knowed.h in CopyFiles */ = {isa = PBXBuildFile; fileRef = 4712371518FEC28E0069EDB3 /* Knowed.h */; };
		477B9E86192CF63A007EB250 /* KnowedTypes.h in CopyFiles */ = {isa = PBXBuildFile; fileRef = 478733ED1905581300F204F4 /* KnowedTypes.h */; };
		477B9E87192CF645007EB250 /* KnowedConsole.h in CopyFiles */ = {isa = PBXBuildFile; fileRef = 4712373718FEC3950069EDB3 /* KnowedConsole.h */; };
		477B9E88192CF645007EB250 /* KnowedBufferConsole.h in CopyFiles */ = {isa = PBXBuildFile; fileRef = 47E7EFBA18FF2ED7000FFA42 /* KnowedBufferConsole.h */; };
		477B9E89192CF645007EB250 /* KnowedUtil.h in CopyFiles */ = {isa = PBXBuildFile; fileRef = 4734E68E1900183200151AFC /* KnowedUtil.h */; };
		477B9E8A192CF645007EB250 /* KnowedThingy.h in CopyFiles */ = {isa = PBXBuildFile; fileRef = 4713B7B119057DF1003DE5D6 /* KnowedThingy.h */; };
		47803E931938FC99004CCD35 /* KnowedFileUtil.h in CopyFiles */ = {isa = PBXBuildFile; fileRef = 47F1C83A1938D00800A92EF7 /* KnowedFileUtil.h */; };
		478733EE1905581800F204F4 /* KnowedTypes.h in Headers */ = {isa = PBXBuildFile; fileRef = 478733ED1905581300F204F4 /* KnowedTypes.h */; settings = {ATTRIBUTES = (Private, ); }; };
		478733F019055A3E00F204F4 /* KnowedUtilTests.m in Sources */ = {isa = PBXBuildFile; fileRef = 478733EF19055A3E00F204F4 /* KnowedUtilTests.m */; };
		4789B9DD1938EEAB00309354 /* KnowedFileUtilTests.m in Sources */ = {isa = PBXBuildFile; fileRef = 4789B9DC1938EEAB00309354 /* KnowedFileUtilTests.m */; };
		4789B9DE1938EEAB00309354 /* KnowedFileUtilTests.m in Sources */ = {isa = PBXBuildFile; fileRef = 4789B9DC1938EEAB00309354 /* KnowedFileUtilTests.m */; };
		4789B9DF1938F30C00309354 /* README.md in Resources */ = {isa = PBXBuildFile; fileRef = 47733D0118FEDD390091C3CD /* README.md */; };
		4789B9E01938F30D00309354 /* README.md in Resources */ = {isa = PBXBuildFile; fileRef = 47733D0118FEDD390091C3CD /* README.md */; };
		47B47CFB193911AC00CCF7B8 /* hello.js in Resources */ = {isa = PBXBuildFile; fileRef = 47B47CF81939106300CCF7B8 /* hello.js */; };
		47B47CFC193911B400CCF7B8 /* hello.js in Resources */ = {isa = PBXBuildFile; fileRef = 47B47CF81939106300CCF7B8 /* hello.js */; };
		47E7EFBC18FF2ED7000FFA42 /* KnowedBufferConsole.h in Headers */ = {isa = PBXBuildFile; fileRef = 47E7EFBA18FF2ED7000FFA42 /* KnowedBufferConsole.h */; settings = {ATTRIBUTES = (Public, ); }; };
		47E7EFBD18FF2ED7000FFA42 /* KnowedBufferConsole.m in Sources */ = {isa = PBXBuildFile; fileRef = 47E7EFBB18FF2ED7000FFA42 /* KnowedBufferConsole.m */; };
		47E7EFBF18FF3234000FFA42 /* KnowedBufferConsoleTests.m in Sources */ = {isa = PBXBuildFile; fileRef = 47E7EFBE18FF3234000FFA42 /* KnowedBufferConsoleTests.m */; };
		47F1C83C1938D00800A92EF7 /* KnowedFileUtil.h in Headers */ = {isa = PBXBuildFile; fileRef = 47F1C83A1938D00800A92EF7 /* KnowedFileUtil.h */; settings = {ATTRIBUTES = (Public, ); }; };
		47F1C83D1938D00800A92EF7 /* KnowedFileUtil.m in Sources */ = {isa = PBXBuildFile; fileRef = 47F1C83B1938D00800A92EF7 /* KnowedFileUtil.m */; };
		47F1C83E1938D00800A92EF7 /* KnowedFileUtil.m in Sources */ = {isa = PBXBuildFile; fileRef = 47F1C83B1938D00800A92EF7 /* KnowedFileUtil.m */; };
/* End PBXBuildFile section */

/* Begin PBXContainerItemProxy section */
		4712372018FEC28E0069EDB3 /* PBXContainerItemProxy */ = {
			isa = PBXContainerItemProxy;
			containerPortal = 471236FC18FEC28E0069EDB3 /* Project object */;
			proxyType = 1;
			remoteGlobalIDString = 4712370418FEC28E0069EDB3;
			remoteInfo = Knowed;
		};
		477B9E6B192CF559007EB250 /* PBXContainerItemProxy */ = {
			isa = PBXContainerItemProxy;
			containerPortal = 471236FC18FEC28E0069EDB3 /* Project object */;
			proxyType = 1;
			remoteGlobalIDString = 477B9E58192CF559007EB250;
			remoteInfo = KnowedLib;
		};
/* End PBXContainerItemProxy section */

/* Begin PBXCopyFilesBuildPhase section */
		477B9E57192CF559007EB250 /* CopyFiles */ = {
			isa = PBXCopyFilesBuildPhase;
			buildActionMask = 2147483647;
			dstPath = "include/$(PRODUCT_NAME)";
			dstSubfolderSpec = 16;
			files = (
				47803E931938FC99004CCD35 /* KnowedFileUtil.h in CopyFiles */,
				477B9E87192CF645007EB250 /* KnowedConsole.h in CopyFiles */,
				477B9E88192CF645007EB250 /* KnowedBufferConsole.h in CopyFiles */,
				477B9E89192CF645007EB250 /* KnowedUtil.h in CopyFiles */,
				477B9E8A192CF645007EB250 /* KnowedThingy.h in CopyFiles */,
				477B9E85192CF63A007EB250 /* Knowed.h in CopyFiles */,
				477B9E86192CF63A007EB250 /* KnowedTypes.h in CopyFiles */,
			);
			runOnlyForDeploymentPostprocessing = 0;
		};
/* End PBXCopyFilesBuildPhase section */

/* Begin PBXFileReference section */
		4712370518FEC28E0069EDB3 /* Knowed.framework */ = {isa = PBXFileReference; explicitFileType = wrapper.framework; includeInIndex = 0; path = Knowed.framework; sourceTree = BUILT_PRODUCTS_DIR; };
		4712370B18FEC28E0069EDB3 /* Foundation.framework */ = {isa = PBXFileReference; lastKnownFileType = wrapper.framework; name = Foundation.framework; path = System/Library/Frameworks/Foundation.framework; sourceTree = SDKROOT; };
		4712371018FEC28E0069EDB3 /* Knowed-Info.plist */ = {isa = PBXFileReference; lastKnownFileType = text.plist.xml; path = "Knowed-Info.plist"; sourceTree = "<group>"; };
		4712371218FEC28E0069EDB3 /* en */ = {isa = PBXFileReference; lastKnownFileType = text.plist.strings; name = en; path = en.lproj/InfoPlist.strings; sourceTree = "<group>"; };
		4712371418FEC28E0069EDB3 /* Knowed-Prefix.pch */ = {isa = PBXFileReference; lastKnownFileType = sourcecode.c.h; path = "Knowed-Prefix.pch"; sourceTree = "<group>"; };
		4712371518FEC28E0069EDB3 /* Knowed.h */ = {isa = PBXFileReference; lastKnownFileType = sourcecode.c.h; path = Knowed.h; sourceTree = "<group>"; };
		4712371C18FEC28E0069EDB3 /* KnowedTests.xctest */ = {isa = PBXFileReference; explicitFileType = wrapper.cfbundle; includeInIndex = 0; path = KnowedTests.xctest; sourceTree = BUILT_PRODUCTS_DIR; };
		4712371D18FEC28E0069EDB3 /* XCTest.framework */ = {isa = PBXFileReference; lastKnownFileType = wrapper.framework; name = XCTest.framework; path = Library/Frameworks/XCTest.framework; sourceTree = DEVELOPER_DIR; };
		4712372518FEC28E0069EDB3 /* KnowedTests-Info.plist */ = {isa = PBXFileReference; lastKnownFileType = text.plist.xml; path = "KnowedTests-Info.plist"; sourceTree = "<group>"; };
		4712372718FEC28E0069EDB3 /* en */ = {isa = PBXFileReference; lastKnownFileType = text.plist.strings; name = en; path = en.lproj/InfoPlist.strings; sourceTree = "<group>"; };
		4712372918FEC28E0069EDB3 /* KnowedBaseTests.m */ = {isa = PBXFileReference; lastKnownFileType = sourcecode.c.objc; path = KnowedBaseTests.m; sourceTree = "<group>"; };
		4712373518FEC2E30069EDB3 /* JavaScriptCore.framework */ = {isa = PBXFileReference; lastKnownFileType = wrapper.framework; name = JavaScriptCore.framework; path = System/Library/Frameworks/JavaScriptCore.framework; sourceTree = SDKROOT; };
		4712373718FEC3950069EDB3 /* KnowedConsole.h */ = {isa = PBXFileReference; fileEncoding = 4; lastKnownFileType = sourcecode.c.h; name = KnowedConsole.h; path = Classes/KnowedConsole.h; sourceTree = "<group>"; };
		4712373818FEC3950069EDB3 /* KnowedConsole.m */ = {isa = PBXFileReference; fileEncoding = 4; lastKnownFileType = sourcecode.c.objc; name = KnowedConsole.m; path = Classes/KnowedConsole.m; sourceTree = "<group>"; };
		4712373C18FECB790069EDB3 /* KnowedConsoleTests.m */ = {isa = PBXFileReference; fileEncoding = 4; lastKnownFileType = sourcecode.c.objc; path = KnowedConsoleTests.m; sourceTree = "<group>"; };
		4713B7B119057DF1003DE5D6 /* KnowedThingy.h */ = {isa = PBXFileReference; fileEncoding = 4; lastKnownFileType = sourcecode.c.h; name = KnowedThingy.h; path = Classes/KnowedThingy.h; sourceTree = "<group>"; };
		4713B7B219057DF1003DE5D6 /* KnowedThingy.m */ = {isa = PBXFileReference; fileEncoding = 4; lastKnownFileType = sourcecode.c.objc; name = KnowedThingy.m; path = Classes/KnowedThingy.m; sourceTree = "<group>"; };
		4723904E18FEF96600437629 /* KnowedConsoleViaJSTests.m */ = {isa = PBXFileReference; fileEncoding = 4; lastKnownFileType = sourcecode.c.objc; path = KnowedConsoleViaJSTests.m; sourceTree = "<group>"; };
		4734E68E1900183200151AFC /* KnowedUtil.h */ = {isa = PBXFileReference; fileEncoding = 4; lastKnownFileType = sourcecode.c.h; name = KnowedUtil.h; path = Classes/KnowedUtil.h; sourceTree = "<group>"; };
		4734E68F1900183200151AFC /* KnowedUtil.m */ = {isa = PBXFileReference; fileEncoding = 4; lastKnownFileType = sourcecode.c.objc; name = KnowedUtil.m; path = Classes/KnowedUtil.m; sourceTree = "<group>"; };
		47733D0118FEDD390091C3CD /* README.md */ = {isa = PBXFileReference; lastKnownFileType = text; path = README.md; sourceTree = "<group>"; };
		477B9E59192CF559007EB250 /* libKnowed.a */ = {isa = PBXFileReference; explicitFileType = archive.ar; includeInIndex = 0; path = libKnowed.a; sourceTree = BUILT_PRODUCTS_DIR; };
		477B9E5D192CF559007EB250 /* KnowedLib-Prefix.pch */ = {isa = PBXFileReference; lastKnownFileType = sourcecode.c.h; path = "KnowedLib-Prefix.pch"; sourceTree = "<group>"; };
		477B9E66192CF559007EB250 /* KnowedLibTests.xctest */ = {isa = PBXFileReference; explicitFileType = wrapper.cfbundle; includeInIndex = 0; path = KnowedLibTests.xctest; sourceTree = BUILT_PRODUCTS_DIR; };
		477B9E69192CF559007EB250 /* UIKit.framework */ = {isa = PBXFileReference; lastKnownFileType = wrapper.framework; name = UIKit.framework; path = Library/Frameworks/UIKit.framework; sourceTree = DEVELOPER_DIR; };
		477B9E70192CF559007EB250 /* KnowedLibTests-Info.plist */ = {isa = PBXFileReference; lastKnownFileType = text.plist.xml; path = "KnowedLibTests-Info.plist"; sourceTree = "<group>"; };
		477B9E72192CF559007EB250 /* en */ = {isa = PBXFileReference; lastKnownFileType = text.plist.strings; name = en; path = en.lproj/InfoPlist.strings; sourceTree = "<group>"; };
		477B9E8C192CF73B007EB250 /* Common.xcconfig */ = {isa = PBXFileReference; fileEncoding = 4; lastKnownFileType = text.xcconfig; name = Common.xcconfig; path = Configurations/Common.xcconfig; sourceTree = "<group>"; };
		478733ED1905581300F204F4 /* KnowedTypes.h */ = {isa = PBXFileReference; lastKnownFileType = sourcecode.c.h; path = KnowedTypes.h; sourceTree = "<group>"; };
		478733EF19055A3E00F204F4 /* KnowedUtilTests.m */ = {isa = PBXFileReference; fileEncoding = 4; lastKnownFileType = sourcecode.c.objc; path = KnowedUtilTests.m; sourceTree = "<group>"; };
		4789B9DC1938EEAB00309354 /* KnowedFileUtilTests.m */ = {isa = PBXFileReference; fileEncoding = 4; lastKnownFileType = sourcecode.c.objc; path = KnowedFileUtilTests.m; sourceTree = "<group>"; };
		47A95D9A19352958003695BA /* AppledocSettings.plist */ = {isa = PBXFileReference; lastKnownFileType = text.plist.xml; path = AppledocSettings.plist; sourceTree = "<group>"; };
		47B47CF81939106300CCF7B8 /* hello.js */ = {isa = PBXFileReference; fileEncoding = 4; lastKnownFileType = sourcecode.javascript; path = hello.js; sourceTree = "<group>"; };
		47E7EFBA18FF2ED7000FFA42 /* KnowedBufferConsole.h */ = {isa = PBXFileReference; fileEncoding = 4; lastKnownFileType = sourcecode.c.h; name = KnowedBufferConsole.h; path = Classes/KnowedBufferConsole.h; sourceTree = "<group>"; };
		47E7EFBB18FF2ED7000FFA42 /* KnowedBufferConsole.m */ = {isa = PBXFileReference; fileEncoding = 4; lastKnownFileType = sourcecode.c.objc; name = KnowedBufferConsole.m; path = Classes/KnowedBufferConsole.m; sourceTree = "<group>"; };
		47E7EFBE18FF3234000FFA42 /* KnowedBufferConsoleTests.m */ = {isa = PBXFileReference; fileEncoding = 4; lastKnownFileType = sourcecode.c.objc; path = KnowedBufferConsoleTests.m; sourceTree = "<group>"; };
		47F1C83A1938D00800A92EF7 /* KnowedFileUtil.h */ = {isa = PBXFileReference; fileEncoding = 4; lastKnownFileType = sourcecode.c.h; name = KnowedFileUtil.h; path = Classes/KnowedFileUtil.h; sourceTree = "<group>"; };
		47F1C83B1938D00800A92EF7 /* KnowedFileUtil.m */ = {isa = PBXFileReference; fileEncoding = 4; lastKnownFileType = sourcecode.c.objc; name = KnowedFileUtil.m; path = Classes/KnowedFileUtil.m; sourceTree = "<group>"; };
/* End PBXFileReference section */

/* Begin PBXFrameworksBuildPhase section */
		4712370118FEC28E0069EDB3 /* Frameworks */ = {
			isa = PBXFrameworksBuildPhase;
			buildActionMask = 2147483647;
			files = (
				4712373618FEC2E30069EDB3 /* JavaScriptCore.framework in Frameworks */,
				4712373418FEC2D70069EDB3 /* Foundation.framework in Frameworks */,
			);
			runOnlyForDeploymentPostprocessing = 0;
		};
		4712371918FEC28E0069EDB3 /* Frameworks */ = {
			isa = PBXFrameworksBuildPhase;
			buildActionMask = 2147483647;
			files = (
				4712372218FEC28E0069EDB3 /* Knowed.framework in Frameworks */,
				4712371E18FEC28E0069EDB3 /* XCTest.framework in Frameworks */,
			);
			runOnlyForDeploymentPostprocessing = 0;
		};
		477B9E56192CF559007EB250 /* Frameworks */ = {
			isa = PBXFrameworksBuildPhase;
			buildActionMask = 2147483647;
			files = (
				477B9E5A192CF559007EB250 /* Foundation.framework in Frameworks */,
			);
			runOnlyForDeploymentPostprocessing = 0;
		};
		477B9E63192CF559007EB250 /* Frameworks */ = {
			isa = PBXFrameworksBuildPhase;
			buildActionMask = 2147483647;
			files = (
				477B9E6D192CF559007EB250 /* libKnowed.a in Frameworks */,
				477B9E67192CF559007EB250 /* XCTest.framework in Frameworks */,
				477B9E6A192CF559007EB250 /* UIKit.framework in Frameworks */,
				477B9E68192CF559007EB250 /* Foundation.framework in Frameworks */,
			);
			runOnlyForDeploymentPostprocessing = 0;
		};
/* End PBXFrameworksBuildPhase section */

/* Begin PBXGroup section */
		471236FB18FEC28E0069EDB3 = {
			isa = PBXGroup;
			children = (
				47A95D9A19352958003695BA /* AppledocSettings.plist */,
				477B9E8B192CF718007EB250 /* Configurations */,
				47733D0118FEDD390091C3CD /* README.md */,
				4712373318FEC2AB0069EDB3 /* Classes */,
				4712370E18FEC28E0069EDB3 /* Knowed */,
				4712372318FEC28E0069EDB3 /* KnowedTests */,
				477B9E5B192CF559007EB250 /* KnowedLib */,
				477B9E6E192CF559007EB250 /* KnowedLibTests */,
				4712370718FEC28E0069EDB3 /* Frameworks */,
				4712370618FEC28E0069EDB3 /* Products */,
			);
			sourceTree = "<group>";
		};
		4712370618FEC28E0069EDB3 /* Products */ = {
			isa = PBXGroup;
			children = (
				4712370518FEC28E0069EDB3 /* Knowed.framework */,
				4712371C18FEC28E0069EDB3 /* KnowedTests.xctest */,
				477B9E59192CF559007EB250 /* libKnowed.a */,
				477B9E66192CF559007EB250 /* KnowedLibTests.xctest */,
			);
			name = Products;
			sourceTree = "<group>";
		};
		4712370718FEC28E0069EDB3 /* Frameworks */ = {
			isa = PBXGroup;
			children = (
				4712373518FEC2E30069EDB3 /* JavaScriptCore.framework */,
				4712370B18FEC28E0069EDB3 /* Foundation.framework */,
				4712371D18FEC28E0069EDB3 /* XCTest.framework */,
				477B9E69192CF559007EB250 /* UIKit.framework */,
				4712370A18FEC28E0069EDB3 /* Other Frameworks */,
			);
			name = Frameworks;
			sourceTree = "<group>";
		};
		4712370A18FEC28E0069EDB3 /* Other Frameworks */ = {
			isa = PBXGroup;
			children = (
			);
			name = "Other Frameworks";
			sourceTree = "<group>";
		};
		4712370E18FEC28E0069EDB3 /* Knowed */ = {
			isa = PBXGroup;
			children = (
				4712370F18FEC28E0069EDB3 /* Supporting Files */,
				4712371518FEC28E0069EDB3 /* Knowed.h */,
				478733ED1905581300F204F4 /* KnowedTypes.h */,
			);
			path = Knowed;
			sourceTree = "<group>";
		};
		4712370F18FEC28E0069EDB3 /* Supporting Files */ = {
			isa = PBXGroup;
			children = (
				4712371018FEC28E0069EDB3 /* Knowed-Info.plist */,
				4712371118FEC28E0069EDB3 /* InfoPlist.strings */,
				4712371418FEC28E0069EDB3 /* Knowed-Prefix.pch */,
			);
			name = "Supporting Files";
			sourceTree = "<group>";
		};
		4712372318FEC28E0069EDB3 /* KnowedTests */ = {
			isa = PBXGroup;
			children = (
				4712372418FEC28E0069EDB3 /* Supporting Files */,
				4712372918FEC28E0069EDB3 /* KnowedBaseTests.m */,
				4712373C18FECB790069EDB3 /* KnowedConsoleTests.m */,
				47E7EFBE18FF3234000FFA42 /* KnowedBufferConsoleTests.m */,
				4723904E18FEF96600437629 /* KnowedConsoleViaJSTests.m */,
				478733EF19055A3E00F204F4 /* KnowedUtilTests.m */,
				4789B9DC1938EEAB00309354 /* KnowedFileUtilTests.m */,
			);
			path = KnowedTests;
			sourceTree = "<group>";
		};
		4712372418FEC28E0069EDB3 /* Supporting Files */ = {
			isa = PBXGroup;
			children = (
				4712372518FEC28E0069EDB3 /* KnowedTests-Info.plist */,
				4712372618FEC28E0069EDB3 /* InfoPlist.strings */,
				47B47CF81939106300CCF7B8 /* hello.js */,
			);
			name = "Supporting Files";
			sourceTree = "<group>";
		};
		4712373318FEC2AB0069EDB3 /* Classes */ = {
			isa = PBXGroup;
			children = (
				4712373718FEC3950069EDB3 /* KnowedConsole.h */,
				4712373818FEC3950069EDB3 /* KnowedConsole.m */,
				47E7EFBA18FF2ED7000FFA42 /* KnowedBufferConsole.h */,
				47E7EFBB18FF2ED7000FFA42 /* KnowedBufferConsole.m */,
				4734E68E1900183200151AFC /* KnowedUtil.h */,
				4734E68F1900183200151AFC /* KnowedUtil.m */,
				4713B7B119057DF1003DE5D6 /* KnowedThingy.h */,
				4713B7B219057DF1003DE5D6 /* KnowedThingy.m */,
				47F1C83A1938D00800A92EF7 /* KnowedFileUtil.h */,
				47F1C83B1938D00800A92EF7 /* KnowedFileUtil.m */,
			);
			name = Classes;
			sourceTree = "<group>";
		};
		477B9E5B192CF559007EB250 /* KnowedLib */ = {
			isa = PBXGroup;
			children = (
				477B9E5C192CF559007EB250 /* Supporting Files */,
			);
			path = KnowedLib;
			sourceTree = "<group>";
		};
		477B9E5C192CF559007EB250 /* Supporting Files */ = {
			isa = PBXGroup;
			children = (
				477B9E5D192CF559007EB250 /* KnowedLib-Prefix.pch */,
			);
			name = "Supporting Files";
			sourceTree = "<group>";
		};
		477B9E6E192CF559007EB250 /* KnowedLibTests */ = {
			isa = PBXGroup;
			children = (
				477B9E6F192CF559007EB250 /* Supporting Files */,
			);
			path = KnowedLibTests;
			sourceTree = "<group>";
		};
		477B9E6F192CF559007EB250 /* Supporting Files */ = {
			isa = PBXGroup;
			children = (
				477B9E70192CF559007EB250 /* KnowedLibTests-Info.plist */,
				477B9E71192CF559007EB250 /* InfoPlist.strings */,
			);
			name = "Supporting Files";
			sourceTree = "<group>";
		};
		477B9E8B192CF718007EB250 /* Configurations */ = {
			isa = PBXGroup;
			children = (
				477B9E8C192CF73B007EB250 /* Common.xcconfig */,
			);
			name = Configurations;
			sourceTree = "<group>";
		};
/* End PBXGroup section */

/* Begin PBXHeadersBuildPhase section */
		4712370218FEC28E0069EDB3 /* Headers */ = {
			isa = PBXHeadersBuildPhase;
			buildActionMask = 2147483647;
			files = (
				478733EE1905581800F204F4 /* KnowedTypes.h in Headers */,
				4734E6901900183200151AFC /* KnowedUtil.h in Headers */,
				47F1C83C1938D00800A92EF7 /* KnowedFileUtil.h in Headers */,
				47E7EFBC18FF2ED7000FFA42 /* KnowedBufferConsole.h in Headers */,
				4712373918FEC3950069EDB3 /* KnowedConsole.h in Headers */,
				470C4D8F18FF81EC00BB03E3 /* Knowed.h in Headers */,
				4713B7B319057DF1003DE5D6 /* KnowedThingy.h in Headers */,
			);
			runOnlyForDeploymentPostprocessing = 0;
		};
/* End PBXHeadersBuildPhase section */

/* Begin PBXNativeTarget section */
		4712370418FEC28E0069EDB3 /* Knowed */ = {
			isa = PBXNativeTarget;
			buildConfigurationList = 4712372D18FEC28E0069EDB3 /* Build configuration list for PBXNativeTarget "Knowed" */;
			buildPhases = (
				4712370018FEC28E0069EDB3 /* Sources */,
				4712370118FEC28E0069EDB3 /* Frameworks */,
				4712370218FEC28E0069EDB3 /* Headers */,
				4712370318FEC28E0069EDB3 /* Resources */,
			);
			buildRules = (
			);
			dependencies = (
			);
			name = Knowed;
			productName = Knowed;
			productReference = 4712370518FEC28E0069EDB3 /* Knowed.framework */;
			productType = "com.apple.product-type.framework";
		};
		4712371B18FEC28E0069EDB3 /* KnowedTests */ = {
			isa = PBXNativeTarget;
			buildConfigurationList = 4712373018FEC28E0069EDB3 /* Build configuration list for PBXNativeTarget "KnowedTests" */;
			buildPhases = (
				4712371818FEC28E0069EDB3 /* Sources */,
				4712371918FEC28E0069EDB3 /* Frameworks */,
				4712371A18FEC28E0069EDB3 /* Resources */,
			);
			buildRules = (
			);
			dependencies = (
				4712372118FEC28E0069EDB3 /* PBXTargetDependency */,
			);
			name = KnowedTests;
			productName = KnowedTests;
			productReference = 4712371C18FEC28E0069EDB3 /* KnowedTests.xctest */;
			productType = "com.apple.product-type.bundle.unit-test";
		};
		477B9E58192CF559007EB250 /* KnowedLib */ = {
			isa = PBXNativeTarget;
			buildConfigurationList = 477B9E7A192CF559007EB250 /* Build configuration list for PBXNativeTarget "KnowedLib" */;
			buildPhases = (
				477B9E55192CF559007EB250 /* Sources */,
				477B9E56192CF559007EB250 /* Frameworks */,
				477B9E57192CF559007EB250 /* CopyFiles */,
			);
			buildRules = (
			);
			dependencies = (
			);
			name = KnowedLib;
			productName = KnowedLib;
			productReference = 477B9E59192CF559007EB250 /* libKnowed.a */;
			productType = "com.apple.product-type.library.static";
		};
		477B9E65192CF559007EB250 /* KnowedLibTests */ = {
			isa = PBXNativeTarget;
			buildConfigurationList = 477B9E7B192CF559007EB250 /* Build configuration list for PBXNativeTarget "KnowedLibTests" */;
			buildPhases = (
				477B9E62192CF559007EB250 /* Sources */,
				477B9E63192CF559007EB250 /* Frameworks */,
				477B9E64192CF559007EB250 /* Resources */,
			);
			buildRules = (
			);
			dependencies = (
				477B9E6C192CF559007EB250 /* PBXTargetDependency */,
			);
			name = KnowedLibTests;
			productName = KnowedLibTests;
			productReference = 477B9E66192CF559007EB250 /* KnowedLibTests.xctest */;
			productType = "com.apple.product-type.bundle.unit-test";
		};
/* End PBXNativeTarget section */

/* Begin PBXProject section */
		471236FC18FEC28E0069EDB3 /* Project object */ = {
			isa = PBXProject;
			attributes = {
				CLASSPREFIX = Knowed;
				LastUpgradeCheck = 0720;
				ORGANIZATIONNAME = "Doug DeJulio";
				TargetAttributes = {
					4712371B18FEC28E0069EDB3 = {
						TestTargetID = 4712370418FEC28E0069EDB3;
					};
					477B9E65192CF559007EB250 = {
						TestTargetID = 477B9E58192CF559007EB250;
					};
				};
			};
			buildConfigurationList = 471236FF18FEC28E0069EDB3 /* Build configuration list for PBXProject "Knowed" */;
			compatibilityVersion = "Xcode 3.2";
			developmentRegion = English;
			hasScannedForEncodings = 0;
			knownRegions = (
				en,
			);
			mainGroup = 471236FB18FEC28E0069EDB3;
			productRefGroup = 4712370618FEC28E0069EDB3 /* Products */;
			projectDirPath = "";
			projectRoot = "";
			targets = (
				4712370418FEC28E0069EDB3 /* Knowed */,
				4712371B18FEC28E0069EDB3 /* KnowedTests */,
				477B9E58192CF559007EB250 /* KnowedLib */,
				477B9E65192CF559007EB250 /* KnowedLibTests */,
				479A332519352C51004EF9BF /* Documentation */,
			);
		};
/* End PBXProject section */

/* Begin PBXResourcesBuildPhase section */
		4712370318FEC28E0069EDB3 /* Resources */ = {
			isa = PBXResourcesBuildPhase;
			buildActionMask = 2147483647;
			files = (
				4712371318FEC28E0069EDB3 /* InfoPlist.strings in Resources */,
			);
			runOnlyForDeploymentPostprocessing = 0;
		};
		4712371A18FEC28E0069EDB3 /* Resources */ = {
			isa = PBXResourcesBuildPhase;
			buildActionMask = 2147483647;
			files = (
				47B47CFB193911AC00CCF7B8 /* hello.js in Resources */,
				4789B9DF1938F30C00309354 /* README.md in Resources */,
				4712372818FEC28E0069EDB3 /* InfoPlist.strings in Resources */,
			);
			runOnlyForDeploymentPostprocessing = 0;
		};
		477B9E64192CF559007EB250 /* Resources */ = {
			isa = PBXResourcesBuildPhase;
			buildActionMask = 2147483647;
			files = (
				47B47CFC193911B400CCF7B8 /* hello.js in Resources */,
				4789B9E01938F30D00309354 /* README.md in Resources */,
				477B9E73192CF559007EB250 /* InfoPlist.strings in Resources */,
			);
			runOnlyForDeploymentPostprocessing = 0;
		};
/* End PBXResourcesBuildPhase section */

/* Begin PBXShellScriptBuildPhase section */
		479A332919352C85004EF9BF /* ShellScript */ = {
			isa = PBXShellScriptBuildPhase;
			buildActionMask = 2147483647;
			files = (
			);
			inputPaths = (
			);
			outputPaths = (
			);
			runOnlyForDeploymentPostprocessing = 0;
			shellPath = /bin/sh;
			shellScript = "PATH=/usr/local/bin:$PATH\nexport PATH\nwhich -s appledoc && appledoc \"$SOURCE_ROOT\" || echo \"warning: Documentation not built because appledoc not found.\"";
		};
/* End PBXShellScriptBuildPhase section */

/* Begin PBXSourcesBuildPhase section */
		4712370018FEC28E0069EDB3 /* Sources */ = {
			isa = PBXSourcesBuildPhase;
			buildActionMask = 2147483647;
			files = (
				4713B7B419057DF1003DE5D6 /* KnowedThingy.m in Sources */,
				47F1C83D1938D00800A92EF7 /* KnowedFileUtil.m in Sources */,
				4734E6911900183200151AFC /* KnowedUtil.m in Sources */,
				4712373A18FEC3950069EDB3 /* KnowedConsole.m in Sources */,
				47E7EFBD18FF2ED7000FFA42 /* KnowedBufferConsole.m in Sources */,
			);
			runOnlyForDeploymentPostprocessing = 0;
		};
		4712371818FEC28E0069EDB3 /* Sources */ = {
			isa = PBXSourcesBuildPhase;
			buildActionMask = 2147483647;
			files = (
				4712372A18FEC28E0069EDB3 /* KnowedBaseTests.m in Sources */,
				4789B9DD1938EEAB00309354 /* KnowedFileUtilTests.m in Sources */,
				47E7EFBF18FF3234000FFA42 /* KnowedBufferConsoleTests.m in Sources */,
				4723904F18FEF96600437629 /* KnowedConsoleViaJSTests.m in Sources */,
				4712373D18FECB790069EDB3 /* KnowedConsoleTests.m in Sources */,
				478733F019055A3E00F204F4 /* KnowedUtilTests.m in Sources */,
			);
			runOnlyForDeploymentPostprocessing = 0;
		};
		477B9E55192CF559007EB250 /* Sources */ = {
			isa = PBXSourcesBuildPhase;
			buildActionMask = 2147483647;
			files = (
				477B9E83192CF602007EB250 /* KnowedUtil.m in Sources */,
				47F1C83E1938D00800A92EF7 /* KnowedFileUtil.m in Sources */,
				477B9E81192CF5FD007EB250 /* KnowedConsole.m in Sources */,
				477B9E82192CF600007EB250 /* KnowedBufferConsole.m in Sources */,
				477B9E84192CF604007EB250 /* KnowedThingy.m in Sources */,
			);
			runOnlyForDeploymentPostprocessing = 0;
		};
		477B9E62192CF559007EB250 /* Sources */ = {
			isa = PBXSourcesBuildPhase;
			buildActionMask = 2147483647;
			files = (
				477B9E7C192CF566007EB250 /* KnowedBaseTests.m in Sources */,
				4789B9DE1938EEAB00309354 /* KnowedFileUtilTests.m in Sources */,
				477B9E80192CF574007EB250 /* KnowedUtilTests.m in Sources */,
				477B9E7F192CF572007EB250 /* KnowedConsoleViaJSTests.m in Sources */,
				477B9E7E192CF570007EB250 /* KnowedBufferConsoleTests.m in Sources */,
				477B9E7D192CF56E007EB250 /* KnowedConsoleTests.m in Sources */,
			);
			runOnlyForDeploymentPostprocessing = 0;
		};
/* End PBXSourcesBuildPhase section */

/* Begin PBXTargetDependency section */
		4712372118FEC28E0069EDB3 /* PBXTargetDependency */ = {
			isa = PBXTargetDependency;
			target = 4712370418FEC28E0069EDB3 /* Knowed */;
			targetProxy = 4712372018FEC28E0069EDB3 /* PBXContainerItemProxy */;
		};
		477B9E6C192CF559007EB250 /* PBXTargetDependency */ = {
			isa = PBXTargetDependency;
			target = 477B9E58192CF559007EB250 /* KnowedLib */;
			targetProxy = 477B9E6B192CF559007EB250 /* PBXContainerItemProxy */;
		};
/* End PBXTargetDependency section */

/* Begin PBXVariantGroup section */
		4712371118FEC28E0069EDB3 /* InfoPlist.strings */ = {
			isa = PBXVariantGroup;
			children = (
				4712371218FEC28E0069EDB3 /* en */,
			);
			name = InfoPlist.strings;
			sourceTree = "<group>";
		};
		4712372618FEC28E0069EDB3 /* InfoPlist.strings */ = {
			isa = PBXVariantGroup;
			children = (
				4712372718FEC28E0069EDB3 /* en */,
			);
			name = InfoPlist.strings;
			sourceTree = "<group>";
		};
		477B9E71192CF559007EB250 /* InfoPlist.strings */ = {
			isa = PBXVariantGroup;
			children = (
				477B9E72192CF559007EB250 /* en */,
			);
			name = InfoPlist.strings;
			sourceTree = "<group>";
		};
/* End PBXVariantGroup section */

/* Begin XCBuildConfiguration section */
		4712372B18FEC28E0069EDB3 /* Debug */ = {
			isa = XCBuildConfiguration;
			baseConfigurationReference = 477B9E8C192CF73B007EB250 /* Common.xcconfig */;
			buildSettings = {
				ALWAYS_SEARCH_USER_PATHS = NO;
				CLANG_CXX_LANGUAGE_STANDARD = "gnu++0x";
				CLANG_CXX_LIBRARY = "libc++";
				CLANG_ENABLE_MODULES = YES;
				CLANG_ENABLE_OBJC_ARC = YES;
				CLANG_WARN_BOOL_CONVERSION = YES;
				CLANG_WARN_CONSTANT_CONVERSION = YES;
				CLANG_WARN_DIRECT_OBJC_ISA_USAGE = YES_ERROR;
				CLANG_WARN_EMPTY_BODY = YES;
				CLANG_WARN_ENUM_CONVERSION = YES;
				CLANG_WARN_INT_CONVERSION = YES;
				CLANG_WARN_OBJC_ROOT_CLASS = YES_ERROR;
				CLANG_WARN__DUPLICATE_METHOD_MATCH = YES;
				COPY_PHASE_STRIP = NO;
				DDJ_TESTING = "";
				DEBUG_INFORMATION_FORMAT = "dwarf-with-dsym";
				ENABLE_TESTABILITY = YES;
				GCC_C_LANGUAGE_STANDARD = gnu99;
				GCC_DYNAMIC_NO_PIC = NO;
				GCC_ENABLE_OBJC_EXCEPTIONS = YES;
				GCC_OPTIMIZATION_LEVEL = 0;
				GCC_PREPROCESSOR_DEFINITIONS = (
					"DEBUG=1",
					"$(inherited)",
				);
				GCC_SYMBOLS_PRIVATE_EXTERN = NO;
				GCC_WARN_64_TO_32_BIT_CONVERSION = YES;
				GCC_WARN_ABOUT_RETURN_TYPE = YES_ERROR;
				GCC_WARN_UNDECLARED_SELECTOR = YES;
				GCC_WARN_UNINITIALIZED_AUTOS = YES_AGGRESSIVE;
				GCC_WARN_UNUSED_FUNCTION = YES;
				GCC_WARN_UNUSED_VARIABLE = YES;
				MACOSX_DEPLOYMENT_TARGET = "";
				ONLY_ACTIVE_ARCH = YES;
				SDKROOT = macosx;
			};
			name = Debug;
		};
		4712372C18FEC28E0069EDB3 /* Release */ = {
			isa = XCBuildConfiguration;
			baseConfigurationReference = 477B9E8C192CF73B007EB250 /* Common.xcconfig */;
			buildSettings = {
				ALWAYS_SEARCH_USER_PATHS = NO;
				CLANG_CXX_LANGUAGE_STANDARD = "gnu++0x";
				CLANG_CXX_LIBRARY = "libc++";
				CLANG_ENABLE_MODULES = YES;
				CLANG_ENABLE_OBJC_ARC = YES;
				CLANG_WARN_BOOL_CONVERSION = YES;
				CLANG_WARN_CONSTANT_CONVERSION = YES;
				CLANG_WARN_DIRECT_OBJC_ISA_USAGE = YES_ERROR;
				CLANG_WARN_EMPTY_BODY = YES;
				CLANG_WARN_ENUM_CONVERSION = YES;
				CLANG_WARN_INT_CONVERSION = YES;
				CLANG_WARN_OBJC_ROOT_CLASS = YES_ERROR;
				CLANG_WARN__DUPLICATE_METHOD_MATCH = YES;
				COPY_PHASE_STRIP = YES;
				DDJ_TESTING = "";
				DEBUG_INFORMATION_FORMAT = "dwarf-with-dsym";
				ENABLE_NS_ASSERTIONS = NO;
				GCC_C_LANGUAGE_STANDARD = gnu99;
				GCC_ENABLE_OBJC_EXCEPTIONS = YES;
				GCC_WARN_64_TO_32_BIT_CONVERSION = YES;
				GCC_WARN_ABOUT_RETURN_TYPE = YES_ERROR;
				GCC_WARN_UNDECLARED_SELECTOR = YES;
				GCC_WARN_UNINITIALIZED_AUTOS = YES_AGGRESSIVE;
				GCC_WARN_UNUSED_FUNCTION = YES;
				GCC_WARN_UNUSED_VARIABLE = YES;
				MACOSX_DEPLOYMENT_TARGET = "";
				SDKROOT = macosx;
			};
			name = Release;
		};
		4712372E18FEC28E0069EDB3 /* Debug */ = {
			isa = XCBuildConfiguration;
			baseConfigurationReference = 477B9E8C192CF73B007EB250 /* Common.xcconfig */;
			buildSettings = {
				COMBINE_HIDPI_IMAGES = YES;
				DYLIB_COMPATIBILITY_VERSION = 1;
				DYLIB_CURRENT_VERSION = 1;
				FRAMEWORK_VERSION = A;
				GCC_PRECOMPILE_PREFIX_HEADER = YES;
				GCC_PREFIX_HEADER = "Knowed/Knowed-Prefix.pch";
				INFOPLIST_FILE = "Knowed/Knowed-Info.plist";
				PRODUCT_BUNDLE_IDENTIFIER = "org.aisb.${PRODUCT_NAME:rfc1034identifier}";
				PRODUCT_NAME = "$(PRODUCT_BASE_NAME)";
				WRAPPER_EXTENSION = framework;
			};
			name = Debug;
		};
		4712372F18FEC28E0069EDB3 /* Release */ = {
			isa = XCBuildConfiguration;
			baseConfigurationReference = 477B9E8C192CF73B007EB250 /* Common.xcconfig */;
			buildSettings = {
				COMBINE_HIDPI_IMAGES = YES;
				DYLIB_COMPATIBILITY_VERSION = 1;
				DYLIB_CURRENT_VERSION = 1;
				FRAMEWORK_VERSION = A;
				GCC_PRECOMPILE_PREFIX_HEADER = YES;
				GCC_PREFIX_HEADER = "Knowed/Knowed-Prefix.pch";
				INFOPLIST_FILE = "Knowed/Knowed-Info.plist";
				PRODUCT_BUNDLE_IDENTIFIER = "org.aisb.${PRODUCT_NAME:rfc1034identifier}";
				PRODUCT_NAME = "$(PRODUCT_BASE_NAME)";
				WRAPPER_EXTENSION = framework;
			};
			name = Release;
		};
		4712373118FEC28E0069EDB3 /* Debug */ = {
			isa = XCBuildConfiguration;
			baseConfigurationReference = 477B9E8C192CF73B007EB250 /* Common.xcconfig */;
			buildSettings = {
				COMBINE_HIDPI_IMAGES = YES;
				FRAMEWORK_SEARCH_PATHS = (
					"$(DEVELOPER_FRAMEWORKS_DIR)",
					"$(inherited)",
				);
				GCC_PRECOMPILE_PREFIX_HEADER = YES;
				GCC_PREFIX_HEADER = "Knowed/Knowed-Prefix.pch";
				GCC_PREPROCESSOR_DEFINITIONS = (
					"DEBUG=1",
					"$(inherited)",
				);
				INFOPLIST_FILE = "KnowedTests/KnowedTests-Info.plist";
				PRODUCT_BUNDLE_IDENTIFIER = "org.aisb.${PRODUCT_NAME:rfc1034identifier}";
				PRODUCT_NAME = KnowedTests;
				WRAPPER_EXTENSION = xctest;
			};
			name = Debug;
		};
		4712373218FEC28E0069EDB3 /* Release */ = {
			isa = XCBuildConfiguration;
			baseConfigurationReference = 477B9E8C192CF73B007EB250 /* Common.xcconfig */;
			buildSettings = {
				COMBINE_HIDPI_IMAGES = YES;
				FRAMEWORK_SEARCH_PATHS = (
					"$(DEVELOPER_FRAMEWORKS_DIR)",
					"$(inherited)",
				);
				GCC_PRECOMPILE_PREFIX_HEADER = YES;
				GCC_PREFIX_HEADER = "Knowed/Knowed-Prefix.pch";
				INFOPLIST_FILE = "KnowedTests/KnowedTests-Info.plist";
				PRODUCT_BUNDLE_IDENTIFIER = "org.aisb.${PRODUCT_NAME:rfc1034identifier}";
				PRODUCT_NAME = KnowedTests;
				WRAPPER_EXTENSION = xctest;
			};
			name = Release;
		};
		477B9E76192CF559007EB250 /* Debug */ = {
			isa = XCBuildConfiguration;
			baseConfigurationReference = 477B9E8C192CF73B007EB250 /* Common.xcconfig */;
			buildSettings = {
				DSTROOT = /tmp/KnowedLib.dst;
				GCC_PRECOMPILE_PREFIX_HEADER = YES;
				GCC_PREFIX_HEADER = "KnowedLib/KnowedLib-Prefix.pch";
				GCC_PREPROCESSOR_DEFINITIONS = (
					"DEBUG=1",
					"$(inherited)",
				);
				IPHONEOS_DEPLOYMENT_TARGET = 8.1;
				OTHER_LDFLAGS = "-ObjC";
				PRODUCT_NAME = "$(PRODUCT_BASE_NAME)";
				SDKROOT = iphoneos;
				SKIP_INSTALL = YES;
				TARGETED_DEVICE_FAMILY = "1,2";
			};
			name = Debug;
		};
		477B9E77192CF559007EB250 /* Release */ = {
			isa = XCBuildConfiguration;
			baseConfigurationReference = 477B9E8C192CF73B007EB250 /* Common.xcconfig */;
			buildSettings = {
				DSTROOT = /tmp/KnowedLib.dst;
				GCC_PRECOMPILE_PREFIX_HEADER = YES;
				GCC_PREFIX_HEADER = "KnowedLib/KnowedLib-Prefix.pch";
				IPHONEOS_DEPLOYMENT_TARGET = 8.1;
				OTHER_LDFLAGS = "-ObjC";
				PRODUCT_NAME = "$(PRODUCT_BASE_NAME)";
				SDKROOT = iphoneos;
				SKIP_INSTALL = YES;
				TARGETED_DEVICE_FAMILY = "1,2";
				VALIDATE_PRODUCT = YES;
			};
			name = Release;
		};
		477B9E78192CF559007EB250 /* Debug */ = {
			isa = XCBuildConfiguration;
			baseConfigurationReference = 477B9E8C192CF73B007EB250 /* Common.xcconfig */;
			buildSettings = {
				FRAMEWORK_SEARCH_PATHS = (
					"$(SDKROOT)/Developer/Library/Frameworks",
					"$(inherited)",
					"$(DEVELOPER_FRAMEWORKS_DIR)",
				);
				GCC_PRECOMPILE_PREFIX_HEADER = YES;
				GCC_PREFIX_HEADER = "KnowedLib/KnowedLib-Prefix.pch";
				GCC_PREPROCESSOR_DEFINITIONS = (
					"DEBUG=1",
					"$(inherited)",
				);
				INFOPLIST_FILE = "KnowedLibTests/KnowedLibTests-Info.plist";
				IPHONEOS_DEPLOYMENT_TARGET = 8.1;
				PRODUCT_BUNDLE_IDENTIFIER = "org.aisb.${PRODUCT_NAME:rfc1034identifier}";
				PRODUCT_NAME = "$(TARGET_NAME)";
				SDKROOT = iphoneos;
				WRAPPER_EXTENSION = xctest;
			};
			name = Debug;
		};
		477B9E79192CF559007EB250 /* Release */ = {
			isa = XCBuildConfiguration;
			baseConfigurationReference = 477B9E8C192CF73B007EB250 /* Common.xcconfig */;
			buildSettings = {
				FRAMEWORK_SEARCH_PATHS = (
					"$(SDKROOT)/Developer/Library/Frameworks",
					"$(inherited)",
					"$(DEVELOPER_FRAMEWORKS_DIR)",
				);
				GCC_PRECOMPILE_PREFIX_HEADER = YES;
				GCC_PREFIX_HEADER = "KnowedLib/KnowedLib-Prefix.pch";
				INFOPLIST_FILE = "KnowedLibTests/KnowedLibTests-Info.plist";
				IPHONEOS_DEPLOYMENT_TARGET = 8.1;
				PRODUCT_BUNDLE_IDENTIFIER = "org.aisb.${PRODUCT_NAME:rfc1034identifier}";
				PRODUCT_NAME = "$(TARGET_NAME)";
				SDKROOT = iphoneos;
				VALIDATE_PRODUCT = YES;
				WRAPPER_EXTENSION = xctest;
			};
			name = Release;
		};
		479A332719352C51004EF9BF /* Debug */ = {
			isa = XCBuildConfiguration;
			buildSettings = {
				PRODUCT_NAME = "$(TARGET_NAME)";
			};
			name = Debug;
		};
		479A332819352C51004EF9BF /* Release */ = {
			isa = XCBuildConfiguration;
			buildSettings = {
				PRODUCT_NAME = "$(TARGET_NAME)";
			};
			name = Release;
		};
/* End XCBuildConfiguration section */

/* Begin XCConfigurationList section */
		471236FF18FEC28E0069EDB3 /* Build configuration list for PBXProject "Knowed" */ = {
			isa = XCConfigurationList;
			buildConfigurations = (
				4712372B18FEC28E0069EDB3 /* Debug */,
				4712372C18FEC28E0069EDB3 /* Release */,
			);
			defaultConfigurationIsVisible = 0;
			defaultConfigurationName = Release;
		};
		4712372D18FEC28E0069EDB3 /* Build configuration list for PBXNativeTarget "Knowed" */ = {
			isa = XCConfigurationList;
			buildConfigurations = (
				4712372E18FEC28E0069EDB3 /* Debug */,
				4712372F18FEC28E0069EDB3 /* Release */,
			);
			defaultConfigurationIsVisible = 0;
			defaultConfigurationName = Release;
		};
		4712373018FEC28E0069EDB3 /* Build configuration list for PBXNativeTarget "KnowedTests" */ = {
			isa = XCConfigurationList;
			buildConfigurations = (
				4712373118FEC28E0069EDB3 /* Debug */,
				4712373218FEC28E0069EDB3 /* Release */,
			);
			defaultConfigurationIsVisible = 0;
			defaultConfigurationName = Release;
		};
		477B9E7A192CF559007EB250 /* Build configuration list for PBXNativeTarget "KnowedLib" */ = {
			isa = XCConfigurationList;
			buildConfigurations = (
				477B9E76192CF559007EB250 /* Debug */,
				477B9E77192CF559007EB250 /* Release */,
			);
			defaultConfigurationIsVisible = 0;
			defaultConfigurationName = Release;
		};
		477B9E7B192CF559007EB250 /* Build configuration list for PBXNativeTarget "KnowedLibTests" */ = {
			isa = XCConfigurationList;
			buildConfigurations = (
				477B9E78192CF559007EB250 /* Debug */,
				477B9E79192CF559007EB250 /* Release */,
			);
			defaultConfigurationIsVisible = 0;
			defaultConfigurationName = Release;
		};
		479A332619352C51004EF9BF /* Build configuration list for PBXAggregateTarget "Documentation" */ = {
			isa = XCConfigurationList;
			buildConfigurations = (
				479A332719352C51004EF9BF /* Debug */,
				479A332819352C51004EF9BF /* Release */,
			);
			defaultConfigurationIsVisible = 0;
			defaultConfigurationName = Release;
		};
/* End XCConfigurationList section */
	};
	rootObject = 471236FC18FEC28E0069EDB3 /* Project object */;
}
